PODS:
  - AFDownloadRequestOperation (2.0.1):
    - AFNetworking (~> 2.0)
  - AFNetworking (2.5.3):
    - AFNetworking/NSURLConnection (= 2.5.3)
    - AFNetworking/NSURLSession (= 2.5.3)
    - AFNetworking/Reachability (= 2.5.3)
    - AFNetworking/Security (= 2.5.3)
    - AFNetworking/Serialization (= 2.5.3)
    - AFNetworking/UIKit (= 2.5.3)
  - AFNetworking/NSURLConnection (2.5.3):
    - AFNetworking/Reachability
    - AFNetworking/Security
    - AFNetworking/Serialization
  - AFNetworking/NSURLSession (2.5.3):
    - AFNetworking/Reachability
    - AFNetworking/Security
    - AFNetworking/Serialization
  - AFNetworking/Reachability (2.5.3)
  - AFNetworking/Security (2.5.3)
  - AFNetworking/Serialization (2.5.3)
  - AFNetworking/UIKit (2.5.3):
    - AFNetworking/NSURLConnection
    - AFNetworking/NSURLSession
  - Aspects (1.4.1)
  - CocoaLumberjack (2.0.0):
    - CocoaLumberjack/Default (= 2.0.0)
    - CocoaLumberjack/Extensions (= 2.0.0)
  - CocoaLumberjack/Core (2.0.0)
  - CocoaLumberjack/Default (2.0.0):
    - CocoaLumberjack/Core
  - CocoaLumberjack/Extensions (2.0.0):
    - CocoaLumberjack/Default
  - Expecta (1.0.0)
  - FMDB (2.5):
    - FMDB/standard (= 2.5)
  - FMDB/common (2.5)
  - FMDB/standard (2.5):
    - FMDB/common
  - MBProgressHUD (0.9.1)
  - OllaFramework (0.1.1):
    - CocoaLumberjack (~> 2.0.0-beta)
    - FMDB (~> 2.5)
    - MBProgressHUD
    - SDWebImage (~> 3.7.1)
  - RBStoryboardLink (0.1.4)
  - SDWebImage (3.7.1):
    - SDWebImage/Core (= 3.7.1)
  - SDWebImage/Core (3.7.1)
  - Specta (0.4.0)
  - SVProgressHUD (1.1.2)
  - YTKNetwork (0.2.0):
    - AFDownloadRequestOperation (~> 2.0)
    - AFNetworking (~> 2.0)

DEPENDENCIES:
  - Aspects (~> 1.4.1)
  - Expecta (~> 1.0.0)
  - OllaFramework (from `~/Desktop/OllaFramework/OllaFramework`)
  - RBStoryboardLink (~> 0.1.4)
  - Specta (~> 0.4.0)
  - SVProgressHUD (~> 1.1.2)
  - YTKNetwork (~> 0.2.0)

EXTERNAL SOURCES:
  OllaFramework:
    :path: ~/Desktop/OllaFramework/OllaFramework

SPEC CHECKSUMS:
  AFDownloadRequestOperation: 748a1643423e1ddb23f2178f778087d4f0ae8ac7
  AFNetworking: e1d86c2a96bb5d2e7408da36149806706ee122fe
  Aspects: 7595ba96a6727a58ebcbfc954497fc5d2fdde546
  CocoaLumberjack: a6f77d987d65dc7ba86b0f84db7d0b9084f77bcb
  Expecta: 32604574add2c46a36f8d2f716b6c5736eb75024
  FMDB: 96e8f1bcc1329e269330f99770ad4285d9003e52
  MBProgressHUD: c47f2c166c126cf2ce36498d80f33e754d4e93ad
  OllaFramework: 0902ed4dab84f5ac1a411cc0ce329a8de8dc2b4d
  RBStoryboardLink: 3bc5f6a73a18506e2f980bd0ace79d6847b18aa6
  SDWebImage: 116e88633b5b416ea0ca4b334a4ac59cf72dd38d
  Specta: 1df326d6ec48603c77f507a0ab1f89ad2df1c582
  SVProgressHUD: da7a49e789af645d9279ffbca62318945a832438
  YTKNetwork: a01d2ac5bc03171917adf2856ec0fca2b0d00f8b

COCOAPODS: 0.37.2
