PODS:
  - AFDownloadRequestOperation (2.0.1):
    - AFNetworking (~> 2.0)
  - AFNetworking (2.5.4):
    - AFNetworking/NSURLConnection (= 2.5.4)
    - AFNetworking/NSURLSession (= 2.5.4)
    - AFNetworking/Reachability (= 2.5.4)
    - AFNetworking/Security (= 2.5.4)
    - AFNetworking/Serialization (= 2.5.4)
    - AFNetworking/UIKit (= 2.5.4)
  - AFNetworking/NSURLConnection (2.5.4):
    - AFNetworking/Reachability
    - AFNetworking/Security
    - AFNetworking/Serialization
  - AFNetworking/NSURLSession (2.5.4):
    - AFNetworking/Reachability
    - AFNetworking/Security
    - AFNetworking/Serialization
  - AFNetworking/Reachability (2.5.4)
  - AFNetworking/Security (2.5.4)
  - AFNetworking/Serialization (2.5.4)
  - AFNetworking/UIKit (2.5.4):
    - AFNetworking/NSURLConnection
    - AFNetworking/NSURLSession
  - Aspects (1.4.1)
  - CocoaLumberjack (2.0.1):
    - CocoaLumberjack/Default (= 2.0.1)
    - CocoaLumberjack/Extensions (= 2.0.1)
  - CocoaLumberjack/Core (2.0.1)
  - CocoaLumberjack/Default (2.0.1):
    - CocoaLumberjack/Core
  - CocoaLumberjack/Extensions (2.0.1):
    - CocoaLumberjack/Default
  - Expecta (1.0.0)
  - FMDB (2.5):
    - FMDB/standard (= 2.5)
  - FMDB/common (2.5)
  - FMDB/standard (2.5):
    - FMDB/common
  - MBProgressHUD (0.9.1)
  - Olla4iOS (0.1.2):
    - CocoaLumberjack (~> 2.0.1)
    - FMDB (~> 2.5)
    - MBProgressHUD (~> 0.9.1)
    - Olla4iOS/application (= 0.1.2)
    - Olla4iOS/foundation (= 0.1.2)
    - Olla4iOS/system (= 0.1.2)
    - SDWebImage (~> 3.7.2)
  - Olla4iOS/application (0.1.2):
    - CocoaLumberjack (~> 2.0.1)
    - FMDB (~> 2.5)
    - MBProgressHUD (~> 0.9.1)
    - SDWebImage (~> 3.7.2)
  - Olla4iOS/foundation (0.1.2):
    - CocoaLumberjack (~> 2.0.1)
    - FMDB (~> 2.5)
    - MBProgressHUD (~> 0.9.1)
    - SDWebImage (~> 3.7.2)
  - Olla4iOS/system (0.1.2):
    - CocoaLumberjack (~> 2.0.1)
    - FMDB (~> 2.5)
    - MBProgressHUD (~> 0.9.1)
    - SDWebImage (~> 3.7.2)
  - RBStoryboardLink (0.1.4)
  - SDWebImage (3.7.2):
    - SDWebImage/Core (= 3.7.2)
  - SDWebImage/Core (3.7.2)
  - SVProgressHUD (1.1.3)
  - YTKNetwork (0.2.0):
    - AFDownloadRequestOperation (~> 2.0)
    - AFNetworking (~> 2.0)

DEPENDENCIES:
  - Aspects (~> 1.4.1)
  - Expecta (~> 1.0.0)
  - Olla4iOS (from `https://github.com/nonstriater/Olla4iOS`, branch `master`)
  - RBStoryboardLink (~> 0.1.4)
  - SVProgressHUD (~> 1.1.2)
  - YTKNetwork (~> 0.2.0)

EXTERNAL SOURCES:
  Olla4iOS:
    :branch: master
    :git: https://github.com/nonstriater/Olla4iOS

CHECKOUT OPTIONS:
  Olla4iOS:
    :commit: e8bd75f00cfb025b6bab3ed1e672cafb49729b21
    :git: https://github.com/nonstriater/Olla4iOS

SPEC CHECKSUMS:
  AFDownloadRequestOperation: 748a1643423e1ddb23f2178f778087d4f0ae8ac7
  AFNetworking: 05edc0ac4c4c8cf57bcf4b84be5b0744b6d8e71e
  Aspects: 7595ba96a6727a58ebcbfc954497fc5d2fdde546
  CocoaLumberjack: 019d1361244274a6138c788c6cb80baabc13fb8f
  Expecta: 32604574add2c46a36f8d2f716b6c5736eb75024
  FMDB: 96e8f1bcc1329e269330f99770ad4285d9003e52
  MBProgressHUD: c47f2c166c126cf2ce36498d80f33e754d4e93ad
  Olla4iOS: f38cba8b313ca0b14cbe4884bd8b140dc69d8ea0
  RBStoryboardLink: 0faae84aea6a5e8716c4469984d847d958c3fcb3
  SDWebImage: 71b7cdc1d1721d6a82ed62889030225f2c249e29
  SVProgressHUD: 748080e4f36e603f6c02aec292664239df5279c1
  YTKNetwork: 8adc811cb3877e0d2993aa873d9869ac058bdb84

COCOAPODS: 0.37.2
